
Microsoft Visual Studio Solution File, Format Version 12.00
# Visual Studio Version 16
VisualStudioVersion = 16.0.29424.173
MinimumVisualStudioVersion = 10.0.40219.1
Project("{8BC9CEB8-8B4A-11D0-8D11-00A0C91BC942}") = "Task1", "Task1\Task1.vcxproj", "{040970CE-0884-494A-A7A8-BACEB190CF6D}"
EndProject
Project("{8BC9CEB8-8B4A-11D0-8D11-00A0C91BC942}") = "Task1a", "Task1a\Task1a.vcxproj", "{CC995E8D-4516-4ED2-B775-832C0C61E6A9}"
EndProject
Project("{8BC9CEB8-8B4A-11D0-8D11-00A0C91BC942}") = "Task2", "Task2\Task2.vcxproj", "{068A2491-2D7A-4C25-B8A0-4B1C946DBD82}"
EndProject
Project("{8BC9CEB8-8B4A-11D0-8D11-00A0C91BC942}") = "Task3", "Task3\Task3.vcxproj", "{572259D0-D17A-423D-878F-D7AC9409FDC6}"
EndProject
Project("{8BC9CEB8-8B4A-11D0-8D11-00A0C91BC942}") = "Task4", "Task4\Task4.vcxproj", "{249924B1-3316-446A-9F2C-8DC99AAA06BF}"
EndProject
Project("{8BC9CEB8-8B4A-11D0-8D11-00A0C91BC942}") = "Task5", "Task5\Task5.vcxproj", "{AD6A994A-DF1A-4FB9-B911-90E3CDF0A55E}"
EndProject
Project("{8BC9CEB8-8B4A-11D0-8D11-00A0C91BC942}") = "Task6", "Task6\Task6.vcxproj", "{4F695826-1A59-4470-B745-C8628AE84493}"
EndProject
Project("{8BC9CEB8-8B4A-11D0-8D11-00A0C91BC942}") = "Task7", "Task7\Task7.vcxproj", "{5221CD00-4624-47DC-AEDD-7B14E1BD0CD8}"
EndProject
Project("{8BC9CEB8-8B4A-11D0-8D11-00A0C91BC942}") = "Task8", "Task8\Task8.vcxproj", "{C221C80E-2BF3-4594-AA96-34591313F47F}"
EndProject
Project("{8BC9CEB8-8B4A-11D0-8D11-00A0C91BC942}") = "Task9", "Task9\Task9.vcxproj", "{6B294F2F-D61B-43F2-AB7A-1D845B02B281}"
EndProject
Project("{8BC9CEB8-8B4A-11D0-8D11-00A0C91BC942}") = "Task10", "Task10\Task10.vcxproj", "{83AB50DD-4454-4224-87FE-550AA75E635A}"
EndProject
Global
	GlobalSection(SolutionConfigurationPlatforms) = preSolution
		Debug|x64 = Debug|x64
		Debug|x86 = Debug|x86
		Release|x64 = Release|x64
		Release|x86 = Release|x86
	EndGlobalSection
	GlobalSection(ProjectConfigurationPlatforms) = postSolution
		{040970CE-0884-494A-A7A8-BACEB190CF6D}.Debug|x64.ActiveCfg = Debug|x64
		{040970CE-0884-494A-A7A8-BACEB190CF6D}.Debug|x64.Build.0 = Debug|x64
		{040970CE-0884-494A-A7A8-BACEB190CF6D}.Debug|x86.ActiveCfg = Debug|Win32
		{040970CE-0884-494A-A7A8-BACEB190CF6D}.Debug|x86.Build.0 = Debug|Win32
		{040970CE-0884-494A-A7A8-BACEB190CF6D}.Release|x64.ActiveCfg = Release|x64
		{040970CE-0884-494A-A7A8-BACEB190CF6D}.Release|x64.Build.0 = Release|x64
		{040970CE-0884-494A-A7A8-BACEB190CF6D}.Release|x86.ActiveCfg = Release|Win32
		{040970CE-0884-494A-A7A8-BACEB190CF6D}.Release|x86.Build.0 = Release|Win32
		{CC995E8D-4516-4ED2-B775-832C0C61E6A9}.Debug|x64.ActiveCfg = Debug|x64
		{CC995E8D-4516-4ED2-B775-832C0C61E6A9}.Debug|x64.Build.0 = Debug|x64
		{CC995E8D-4516-4ED2-B775-832C0C61E6A9}.Debug|x86.ActiveCfg = Debug|Win32
		{CC995E8D-4516-4ED2-B775-832C0C61E6A9}.Debug|x86.Build.0 = Debug|Win32
		{CC995E8D-4516-4ED2-B775-832C0C61E6A9}.Release|x64.ActiveCfg = Release|x64
		{CC995E8D-4516-4ED2-B775-832C0C61E6A9}.Release|x64.Build.0 = Release|x64
		{CC995E8D-4516-4ED2-B775-832C0C61E6A9}.Release|x86.ActiveCfg = Release|Win32
		{CC995E8D-4516-4ED2-B775-832C0C61E6A9}.Release|x86.Build.0 = Release|Win32
		{068A2491-2D7A-4C25-B8A0-4B1C946DBD82}.Debug|x64.ActiveCfg = Debug|x64
		{068A2491-2D7A-4C25-B8A0-4B1C946DBD82}.Debug|x64.Build.0 = Debug|x64
		{068A2491-2D7A-4C25-B8A0-4B1C946DBD82}.Debug|x86.ActiveCfg = Debug|Win32
		{068A2491-2D7A-4C25-B8A0-4B1C946DBD82}.Debug|x86.Build.0 = Debug|Win32
		{068A2491-2D7A-4C25-B8A0-4B1C946DBD82}.Release|x64.ActiveCfg = Release|x64
		{068A2491-2D7A-4C25-B8A0-4B1C946DBD82}.Release|x64.Build.0 = Release|x64
		{068A2491-2D7A-4C25-B8A0-4B1C946DBD82}.Release|x86.ActiveCfg = Release|Win32
		{068A2491-2D7A-4C25-B8A0-4B1C946DBD82}.Release|x86.Build.0 = Release|Win32
		{572259D0-D17A-423D-878F-D7AC9409FDC6}.Debug|x64.ActiveCfg = Debug|x64
		{572259D0-D17A-423D-878F-D7AC9409FDC6}.Debug|x64.Build.0 = Debug|x64
		{572259D0-D17A-423D-878F-D7AC9409FDC6}.Debug|x86.ActiveCfg = Debug|Win32
		{572259D0-D17A-423D-878F-D7AC9409FDC6}.Debug|x86.Build.0 = Debug|Win32
		{572259D0-D17A-423D-878F-D7AC9409FDC6}.Release|x64.ActiveCfg = Release|x64
		{572259D0-D17A-423D-878F-D7AC9409FDC6}.Release|x64.Build.0 = Release|x64
		{572259D0-D17A-423D-878F-D7AC9409FDC6}.Release|x86.ActiveCfg = Release|Win32
		{572259D0-D17A-423D-878F-D7AC9409FDC6}.Release|x86.Build.0 = Release|Win32
		{249924B1-3316-446A-9F2C-8DC99AAA06BF}.Debug|x64.ActiveCfg = Debug|x64
		{249924B1-3316-446A-9F2C-8DC99AAA06BF}.Debug|x64.Build.0 = Debug|x64
		{249924B1-3316-446A-9F2C-8DC99AAA06BF}.Debug|x86.ActiveCfg = Debug|Win32
		{249924B1-3316-446A-9F2C-8DC99AAA06BF}.Debug|x86.Build.0 = Debug|Win32
		{249924B1-3316-446A-9F2C-8DC99AAA06BF}.Release|x64.ActiveCfg = Release|x64
		{249924B1-3316-446A-9F2C-8DC99AAA06BF}.Release|x64.Build.0 = Release|x64
		{249924B1-3316-446A-9F2C-8DC99AAA06BF}.Release|x86.ActiveCfg = Release|Win32
		{249924B1-3316-446A-9F2C-8DC99AAA06BF}.Release|x86.Build.0 = Release|Win32
		{AD6A994A-DF1A-4FB9-B911-90E3CDF0A55E}.Debug|x64.ActiveCfg = Debug|x64
		{AD6A994A-DF1A-4FB9-B911-90E3CDF0A55E}.Debug|x64.Build.0 = Debug|x64
		{AD6A994A-DF1A-4FB9-B911-90E3CDF0A55E}.Debug|x86.ActiveCfg = Debug|Win32
		{AD6A994A-DF1A-4FB9-B911-90E3CDF0A55E}.Debug|x86.Build.0 = Debug|Win32
		{AD6A994A-DF1A-4FB9-B911-90E3CDF0A55E}.Release|x64.ActiveCfg = Release|x64
		{AD6A994A-DF1A-4FB9-B911-90E3CDF0A55E}.Release|x64.Build.0 = Release|x64
		{AD6A994A-DF1A-4FB9-B911-90E3CDF0A55E}.Release|x86.ActiveCfg = Release|Win32
		{AD6A994A-DF1A-4FB9-B911-90E3CDF0A55E}.Release|x86.Build.0 = Release|Win32
		{4F695826-1A59-4470-B745-C8628AE84493}.Debug|x64.ActiveCfg = Debug|x64
		{4F695826-1A59-4470-B745-C8628AE84493}.Debug|x64.Build.0 = Debug|x64
		{4F695826-1A59-4470-B745-C8628AE84493}.Debug|x86.ActiveCfg = Debug|Win32
		{4F695826-1A59-4470-B745-C8628AE84493}.Debug|x86.Build.0 = Debug|Win32
		{4F695826-1A59-4470-B745-C8628AE84493}.Release|x64.ActiveCfg = Release|x64
		{4F695826-1A59-4470-B745-C8628AE84493}.Release|x64.Build.0 = Release|x64
		{4F695826-1A59-4470-B745-C8628AE84493}.Release|x86.ActiveCfg = Release|Win32
		{4F695826-1A59-4470-B745-C8628AE84493}.Release|x86.Build.0 = Release|Win32
		{5221CD00-4624-47DC-AEDD-7B14E1BD0CD8}.Debug|x64.ActiveCfg = Debug|x64
		{5221CD00-4624-47DC-AEDD-7B14E1BD0CD8}.Debug|x64.Build.0 = Debug|x64
		{5221CD00-4624-47DC-AEDD-7B14E1BD0CD8}.Debug|x86.ActiveCfg = Debug|Win32
		{5221CD00-4624-47DC-AEDD-7B14E1BD0CD8}.Debug|x86.Build.0 = Debug|Win32
		{5221CD00-4624-47DC-AEDD-7B14E1BD0CD8}.Release|x64.ActiveCfg = Release|x64
		{5221CD00-4624-47DC-AEDD-7B14E1BD0CD8}.Release|x64.Build.0 = Release|x64
		{5221CD00-4624-47DC-AEDD-7B14E1BD0CD8}.Release|x86.ActiveCfg = Release|Win32
		{5221CD00-4624-47DC-AEDD-7B14E1BD0CD8}.Release|x86.Build.0 = Release|Win32
		{C221C80E-2BF3-4594-AA96-34591313F47F}.Debug|x64.ActiveCfg = Debug|x64
		{C221C80E-2BF3-4594-AA96-34591313F47F}.Debug|x64.Build.0 = Debug|x64
		{C221C80E-2BF3-4594-AA96-34591313F47F}.Debug|x86.ActiveCfg = Debug|Win32
		{C221C80E-2BF3-4594-AA96-34591313F47F}.Debug|x86.Build.0 = Debug|Win32
		{C221C80E-2BF3-4594-AA96-34591313F47F}.Release|x64.ActiveCfg = Release|x64
		{C221C80E-2BF3-4594-AA96-34591313F47F}.Release|x64.Build.0 = Release|x64
		{C221C80E-2BF3-4594-AA96-34591313F47F}.Release|x86.ActiveCfg = Release|Win32
		{C221C80E-2BF3-4594-AA96-34591313F47F}.Release|x86.Build.0 = Release|Win32
		{6B294F2F-D61B-43F2-AB7A-1D845B02B281}.Debug|x64.ActiveCfg = Debug|x64
		{6B294F2F-D61B-43F2-AB7A-1D845B02B281}.Debug|x64.Build.0 = Debug|x64
		{6B294F2F-D61B-43F2-AB7A-1D845B02B281}.Debug|x86.ActiveCfg = Debug|Win32
		{6B294F2F-D61B-43F2-AB7A-1D845B02B281}.Debug|x86.Build.0 = Debug|Win32
		{6B294F2F-D61B-43F2-AB7A-1D845B02B281}.Release|x64.ActiveCfg = Release|x64
		{6B294F2F-D61B-43F2-AB7A-1D845B02B281}.Release|x64.Build.0 = Release|x64
		{6B294F2F-D61B-43F2-AB7A-1D845B02B281}.Release|x86.ActiveCfg = Release|Win32
		{6B294F2F-D61B-43F2-AB7A-1D845B02B281}.Release|x86.Build.0 = Release|Win32
		{83AB50DD-4454-4224-87FE-550AA75E635A}.Debug|x64.ActiveCfg = Debug|x64
		{83AB50DD-4454-4224-87FE-550AA75E635A}.Debug|x64.Build.0 = Debug|x64
		{83AB50DD-4454-4224-87FE-550AA75E635A}.Debug|x86.ActiveCfg = Debug|Win32
		{83AB50DD-4454-4224-87FE-550AA75E635A}.Debug|x86.Build.0 = Debug|Win32
		{83AB50DD-4454-4224-87FE-550AA75E635A}.Release|x64.ActiveCfg = Release|x64
		{83AB50DD-4454-4224-87FE-550AA75E635A}.Release|x64.Build.0 = Release|x64
		{83AB50DD-4454-4224-87FE-550AA75E635A}.Release|x86.ActiveCfg = Release|Win32
		{83AB50DD-4454-4224-87FE-550AA75E635A}.Release|x86.Build.0 = Release|Win32
	EndGlobalSection
	GlobalSection(SolutionProperties) = preSolution
		HideSolutionNode = FALSE
	EndGlobalSection
	GlobalSection(ExtensibilityGlobals) = postSolution
		SolutionGuid = {D42DEEF1-C11E-4A0D-9462-54924B253DF0}
	EndGlobalSection
EndGlobal
